// !$*UTF8*$!
{
	archiveVersion = 1;
	classes = {
	};
	objectVersion = 48;
	objects = {

/* Begin PBXBuildFile section */
		89AB18FD203FD3A3006BAD63 /* AppDelegate.swift in Sources */ = {isa = PBXBuildFile; fileRef = 89AB18FC203FD3A3006BAD63 /* AppDelegate.swift */; };
		89AB18FF203FD3A3006BAD63 /* ViewController.swift in Sources */ = {isa = PBXBuildFile; fileRef = 89AB18FE203FD3A3006BAD63 /* ViewController.swift */; };
		89AB1902203FD3A3006BAD63 /* Main.storyboard in Resources */ = {isa = PBXBuildFile; fileRef = 89AB1900203FD3A3006BAD63 /* Main.storyboard */; };
		89AB1904203FD3A3006BAD63 /* Assets.xcassets in Resources */ = {isa = PBXBuildFile; fileRef = 89AB1903203FD3A3006BAD63 /* Assets.xcassets */; };
		89AB1907203FD3A3006BAD63 /* LaunchScreen.storyboard in Resources */ = {isa = PBXBuildFile; fileRef = 89AB1905203FD3A3006BAD63 /* LaunchScreen.storyboard */; };
/* End PBXBuildFile section */

/* Begin PBXFileReference section */
		89AB18F9203FD3A3006BAD63 /* TableViewCellsSwipeStuff.app */ = {isa = PBXFileReference; explicitFileType = wrapper.application; includeInIndex = 0; path = TableViewCellsSwipeStuff.app; sourceTree = BUILT_PRODUCTS_DIR; };
		89AB18FC203FD3A3006BAD63 /* AppDelegate.swift */ = {isa = PBXFileReference; lastKnownFileType = sourcecode.swift; path = AppDelegate.swift; sourceTree = "<group>"; };
		89AB18FE203FD3A3006BAD63 /* ViewController.swift */ = {isa = PBXFileReference; lastKnownFileType = sourcecode.swift; path = ViewController.swift; sourceTree = "<group>"; };
		89AB1901203FD3A3006BAD63 /* Base */ = {isa = PBXFileReference; lastKnownFileType = file.storyboard; name = Base; path = Base.lproj/Main.storyboard; sourceTree = "<group>"; };
		89AB1903203FD3A3006BAD63 /* Assets.xcassets */ = {isa = PBXFileReference; lastKnownFileType = folder.assetcatalog; path = Assets.xcassets; sourceTree = "<group>"; };
		89AB1906203FD3A3006BAD63 /* Base */ = {isa = PBXFileReference; lastKnownFileType = file.storyboard; name = Base; path = Base.lproj/LaunchScreen.storyboard; sourceTree = "<group>"; };
		89AB1908203FD3A3006BAD63 /* Info.plist */ = {isa = PBXFileReference; lastKnownFileType = text.plist.xml; path = Info.plist; sourceTree = "<group>"; };
/* End PBXFileReference section */

/* Begin PBXFrameworksBuildPhase section */
		89AB18F6203FD3A3006BAD63 /* Frameworks */ = {
			isa = PBXFrameworksBuildPhase;
			buildActionMask = 2147483647;
			files = (
			);
			runOnlyForDeploymentPostprocessing = 0;
		};
/* End PBXFrameworksBuildPhase section */

/* Begin PBXGroup section */
		89AB18F0203FD3A3006BAD63 = {
			isa = PBXGroup;
			children = (
				89AB18FB203FD3A3006BAD63 /* TableViewCellsSwipeStuff */,
				89AB18FA203FD3A3006BAD63 /* Products */,
			);
			sourceTree = "<group>";
		};
		89AB18FA203FD3A3006BAD63 /* Products */ = {
			isa = PBXGroup;
			children = (
				89AB18F9203FD3A3006BAD63 /* TableViewCellsSwipeStuff.app */,
			);
			name = Products;
			sourceTree = "<group>";
		};
		89AB18FB203FD3A3006BAD63 /* TableViewCellsSwipeStuff */ = {
			isa = PBXGroup;
			children = (
				89AB18FC203FD3A3006BAD63 /* AppDelegate.swift */,
				89AB18FE203FD3A3006BAD63 /* ViewController.swift */,
				89AB1900203FD3A3006BAD63 /* Main.storyboard */,
				89AB1903203FD3A3006BAD63 /* Assets.xcassets */,
				89AB1905203FD3A3006BAD63 /* LaunchScreen.storyboard */,
				89AB1908203FD3A3006BAD63 /* Info.plist */,
			);
			path = TableViewCellsSwipeStuff;
			sourceTree = "<group>";
		};
/* End PBXGroup section */

/* Begin PBXNativeTarget section */
		89AB18F8203FD3A3006BAD63 /* TableViewCellsSwipeStuff */ = {
			isa = PBXNativeTarget;
			buildConfigurationList = 89AB190B203FD3A3006BAD63 /* Build configuration list for PBXNativeTarget "TableViewCellsSwipeStuff" */;
			buildPhases = (
				89AB18F5203FD3A3006BAD63 /* Sources */,
				89AB18F6203FD3A3006BAD63 /* Frameworks */,
				89AB18F7203FD3A3006BAD63 /* Resources */,
			);
			buildRules = (
			);
			dependencies = (
			);
			name = TableViewCellsSwipeStuff;
			productName = TableViewCellsSwipeStuff;
			productReference = 89AB18F9203FD3A3006BAD63 /* TableViewCellsSwipeStuff.app */;
			productType = "com.apple.product-type.application";
		};
/* End PBXNativeTarget section */

/* Begin PBXProject section */
		89AB18F1203FD3A3006BAD63 /* Project object */ = {
			isa = PBXProject;
			attributes = {
				LastSwiftUpdateCheck = 0920;
				LastUpgradeCheck = 0920;
				ORGANIZATIONNAME = "Paul Wallace";
				TargetAttributes = {
					89AB18F8203FD3A3006BAD63 = {
						CreatedOnToolsVersion = 9.2;
						ProvisioningStyle = Automatic;
					};
				};
			};
			buildConfigurationList = 89AB18F4203FD3A3006BAD63 /* Build configuration list for PBXProject "TableViewCellsSwipeStuff" */;
			compatibilityVersion = "Xcode 8.0";
			developmentRegion = en;
			hasScannedForEncodings = 0;
			knownRegions = (
				en,
				Base,
			);
			mainGroup = 89AB18F0203FD3A3006BAD63;
			productRefGroup = 89AB18FA203FD3A3006BAD63 /* Products */;
			projectDirPath = "";
			projectRoot = "";
			targets = (
				89AB18F8203FD3A3006BAD63 /* TableViewCellsSwipeStuff */,
			);
		};
/* End PBXProject section */

/* Begin PBXResourcesBuildPhase section */
		89AB18F7203FD3A3006BAD63 /* Resources */ = {
			isa = PBXResourcesBuildPhase;
			buildActionMask = 2147483647;
			files = (
				89AB1907203FD3A3006BAD63 /* LaunchScreen.storyboard in Resources */,
				89AB1904203FD3A3006BAD63 /* Assets.xcassets in Resources */,
				89AB1902203FD3A3006BAD63 /* Main.storyboard in Resources */,
			);
			runOnlyForDeploymentPostprocessing = 0;
		};
/* End PBXResourcesBuildPhase section */

/* Begin PBXSourcesBuildPhase section */
		89AB18F5203FD3A3006BAD63 /* Sources */ = {
			isa = PBXSourcesBuildPhase;
			buildActionMask = 2147483647;
			files = (
				89AB18FF203FD3A3006BAD63 /* ViewController.swift in Sources */,
				89AB18FD203FD3A3006BAD63 /* AppDelegate.swift in Sources */,
			);
			runOnlyForDeploymentPostprocessing = 0;
		};
/* End PBXSourcesBuildPhase section */

/* Begin PBXVariantGroup section */
		89AB1900203FD3A3006BAD63 /* Main.storyboard */ = {
			isa = PBXVariantGroup;
			children = (
				89AB1901203FD3A3006BAD63 /* Base */,
			);
			name = Main.storyboard;
			sourceTree = "<group>";
		};
		89AB1905203FD3A3006BAD63 /* LaunchScreen.storyboard */ = {
			isa = PBXVariantGroup;
			children = (
				89AB1906203FD3A3006BAD63 /* Base */,
			);
			name = LaunchScreen.storyboard;
			sourceTree = "<group>";
		};
/* End PBXVariantGroup section */

/* Begin XCBuildConfiguration section */
		89AB1909203FD3A3006BAD63 /* Debug */ = {
			isa = XCBuildConfiguration;
			buildSettings = {
				ALWAYS_SEARCH_USER_PATHS = NO;
				CLANG_ANALYZER_NONNULL = YES;
				CLANG_ANALYZER_NUMBER_OBJECT_CONVERSION = YES_AGGRESSIVE;
				CLANG_CXX_LANGUAGE_STANDARD = "gnu++14";
				CLANG_CXX_LIBRARY = "libc++";
				CLANG_ENABLE_MODULES = YES;
				CLANG_ENABLE_OBJC_ARC = YES;
				CLANG_WARN_BLOCK_CAPTURE_AUTORELEASING = YES;
				CLANG_WARN_BOOL_CONVERSION = YES;
				CLANG_WARN_COMMA = YES;
				CLANG_WARN_CONSTANT_CONVERSION = YES;
				CLANG_WARN_DIRECT_OBJC_ISA_USAGE = YES_ERROR;
				CLANG_WARN_DOCUMENTATION_COMMENTS = YES;
				CLANG_WARN_EMPTY_BODY = YES;
				CLANG_WARN_ENUM_CONVERSION = YES;
				CLANG_WARN_INFINITE_RECURSION = YES;
				CLANG_WARN_INT_CONVERSION = YES;
				CLANG_WARN_NON_LITERAL_NULL_CONVERSION = YES;
				CLANG_WARN_OBJC_LITERAL_CONVERSION = YES;
				CLANG_WARN_OBJC_ROOT_CLASS = YES_ERROR;
				CLANG_WARN_RANGE_LOOP_ANALYSIS = YES;
				CLANG_WARN_STRICT_PROTOTYPES = YES;
				CLANG_WARN_SUSPICIOUS_MOVE = YES;
				CLANG_WARN_UNGUARDED_AVAILABILITY = YES_AGGRESSIVE;
				CLANG_WARN_UNREACHABLE_CODE = YES;
				CLANG_WARN__DUPLICATE_METHOD_MATCH = YES;
				CODE_SIGN_IDENTITY = "iPhone Developer";
				COPY_PHASE_STRIP = NO;
				DEBUG_INFORMATION_FORMAT = dwarf;
				ENABLE_STRICT_OBJC_MSGSEND = YES;
				ENABLE_TESTABILITY = YES;
				GCC_C_LANGUAGE_STANDARD = gnu11;
				GCC_DYNAMIC_NO_PIC = NO;
				GCC_NO_COMMON_BLOCKS = YES;
				GCC_OPTIMIZATION_LEVEL = 0;
				GCC_PREPROCESSOR_DEFINITIONS = (
					"DEBUG=1",
					"$(inherited)",
				);
				GCC_WARN_64_TO_32_BIT_CONVERSION = YES;
				GCC_WARN_ABOUT_RETURN_TYPE = YES_ERROR;
				GCC_WARN_UNDECLARED_SELECTOR = YES;
				GCC_WARN_UNINITIALIZED_AUTOS = YES_AGGRESSIVE;
				GCC_WARN_UNUSED_FUNCTION = YES;
				GCC_WARN_UNUSED_VARIABLE = YES;
				IPHONEOS_DEPLOYMENT_TARGET = 11.2;
				MTL_ENABLE_DEBUG_INFO = YES;
				ONLY_ACTIVE_ARCH = YES;
				SDKROOT = iphoneos;
				SWIFT_ACTIVE_COMPILATION_CONDITIONS = DEBUG;
				SWIFT_OPTIMIZATION_LEVEL = "-Onone";
			};
			name = Debug;
		};
		89AB190A203FD3A3006BAD63 /* Release */ = {
			isa = XCBuildConfiguration;
			buildSettings = {
				ALWAYS_SEARCH_USER_PATHS = NO;
				CLANG_ANALYZER_NONNULL = YES;
				CLANG_ANALYZER_NUMBER_OBJECT_CONVERSION = YES_AGGRESSIVE;
				CLANG_CXX_LANGUAGE_STANDARD = "gnu++14";
				CLANG_CXX_LIBRARY = "libc++";
				CLANG_ENABLE_MODULES = YES;
				CLANG_ENABLE_OBJC_ARC = YES;
				CLANG_WARN_BLOCK_CAPTURE_AUTORELEASING = YES;
				CLANG_WARN_BOOL_CONVERSION = YES;
				CLANG_WARN_COMMA = YES;
				CLANG_WARN_CONSTANT_CONVERSION = YES;
				CLANG_WARN_DIRECT_OBJC_ISA_USAGE = YES_ERROR;
				CLANG_WARN_DOCUMENTATION_COMMENTS = YES;
				CLANG_WARN_EMPTY_BODY = YES;
				CLANG_WARN_ENUM_CONVERSION = YES;
				CLANG_WARN_INFINITE_RECURSION = YES;
				CLANG_WARN_INT_CONVERSION = YES;
				CLANG_WARN_NON_LITERAL_NULL_CONVERSION = YES;
				CLANG_WARN_OBJC_LITERAL_CONVERSION = YES;
				CLANG_WARN_OBJC_ROOT_CLASS = YES_ERROR;
				CLANG_WARN_RANGE_LOOP_ANALYSIS = YES;
				CLANG_WARN_STRICT_PROTOTYPES = YES;
				CLANG_WARN_SUSPICIOUS_MOVE = YES;
				CLANG_WARN_UNGUARDED_AVAILABILITY = YES_AGGRESSIVE;
				CLANG_WARN_UNREACHABLE_CODE = YES;
				CLANG_WARN__DUPLICATE_METHOD_MATCH = YES;
				CODE_SIGN_IDENTITY = "iPhone Developer";
				COPY_PHASE_STRIP = NO;
				DEBUG_INFORMATION_FORMAT = "dwarf-with-dsym";
				ENABLE_NS_ASSERTIONS = NO;
				ENABLE_STRICT_OBJC_MSGSEND = YES;
				GCC_C_LANGUAGE_STANDARD = gnu11;
				GCC_NO_COMMON_BLOCKS = YES;
				GCC_WARN_64_TO_32_BIT_CONVERSION = YES;
				GCC_WARN_ABOUT_RETURN_TYPE = YES_ERROR;
				GCC_WARN_UNDECLARED_SELECTOR = YES;
				GCC_WARN_UNINITIALIZED_AUTOS = YES_AGGRESSIVE;
				GCC_WARN_UNUSED_FUNCTION = YES;
				GCC_WARN_UNUSED_VARIABLE = YES;
				IPHONEOS_DEPLOYMENT_TARGET = 11.2;
				MTL_ENABLE_DEBUG_INFO = NO;
				SDKROOT = iphoneos;
				SWIFT_OPTIMIZATION_LEVEL = "-Owholemodule";
				VALIDATE_PRODUCT = YES;
			};
			name = Release;
		};
		89AB190C203FD3A3006BAD63 /* Debug */ = {
			isa = XCBuildConfiguration;
			buildSettings = {
				ASSETCATALOG_COMPILER_APPICON_NAME = AppIcon;
				CODE_SIGN_STYLE = Automatic;
				DEVELOPMENT_TEAM = SDK5NG227W;
				INFOPLIST_FILE = TableViewCellsSwipeStuff/Info.plist;
				LD_RUNPATH_SEARCH_PATHS = "$(inherited) @executable_path/Frameworks";
				PRODUCT_BUNDLE_IDENTIFIER = com.app.macys.TableViewCellsSwipeStuff;
				PRODUCT_NAME = "$(TARGET_NAME)";
				SWIFT_VERSION = 4.0;
				TARGETED_DEVICE_FAMILY = "1,2";
			};
			name = Debug;
		};
		89AB190D203FD3A3006BAD63 /* Release */ = {
			isa = XCBuildConfiguration;
			buildSettings = {
				ASSETCATALOG_COMPILER_APPICON_NAME = AppIcon;
				CODE_SIGN_STYLE = Automatic;
				DEVELOPMENT_TEAM = SDK5NG227W;
				INFOPLIST_FILE = TableViewCellsSwipeStuff/Info.plist;
				LD_RUNPATH_SEARCH_PATHS = "$(inherited) @executable_path/Frameworks";
				PRODUCT_BUNDLE_IDENTIFIER = com.app.macys.TableViewCellsSwipeStuff;
				PRODUCT_NAME = "$(TARGET_NAME)";
				SWIFT_VERSION = 4.0;
				TARGETED_DEVICE_FAMILY = "1,2";
			};
			name = Release;
		};
/* End XCBuildConfiguration section */

/* Begin XCConfigurationList section */
		89AB18F4203FD3A3006BAD63 /* Build configuration list for PBXProject "TableViewCellsSwipeStuff" */ = {
			isa = XCConfigurationList;
			buildConfigurations = (
				89AB1909203FD3A3006BAD63 /* Debug */,
				89AB190A203FD3A3006BAD63 /* Release */,
			);
			defaultConfigurationIsVisible = 0;
			defaultConfigurationName = Release;
		};
		89AB190B203FD3A3006BAD63 /* Build configuration list for PBXNativeTarget "TableViewCellsSwipeStuff" */ = {
			isa = XCConfigurationList;
			buildConfigurations = (
				89AB190C203FD3A3006BAD63 /* Debug */,
				89AB190D203FD3A3006BAD63 /* Release */,
			);
			defaultConfigurationIsVisible = 0;
			defaultConfigurationName = Release;
		};
/* End XCConfigurationList section */
	};
	rootObject = 89AB18F1203FD3A3006BAD63 /* Project object */;
}
